// !$*UTF8*$!
{
	archiveVersion = 1;
	classes = {
	};
	objectVersion = 46;
	objects = {

/* Begin PBXBuildFile section */
		F69ED84A179AAFD700C73DCC /* FacebookSDK.framework in Frameworks */ = {isa = PBXBuildFile; fileRef = F69ED849179AAFD700C73DCC /* FacebookSDK.framework */; };
		F69ED84C179AB0FE00C73DCC /* AdSupport.framework in Frameworks */ = {isa = PBXBuildFile; fileRef = F69ED84B179AB0FE00C73DCC /* AdSupport.framework */; };
		F69ED84E179AB10700C73DCC /* Accounts.framework in Frameworks */ = {isa = PBXBuildFile; fileRef = F69ED84D179AB10700C73DCC /* Accounts.framework */; };
		F69ED850179AB10E00C73DCC /* libsqlite3.dylib in Frameworks */ = {isa = PBXBuildFile; fileRef = F69ED84F179AB10E00C73DCC /* libsqlite3.dylib */; };
		F69ED852179AB11700C73DCC /* Security.framework in Frameworks */ = {isa = PBXBuildFile; fileRef = F69ED851179AB11700C73DCC /* Security.framework */; };
		F69ED854179AB11B00C73DCC /* Social.framework in Frameworks */ = {isa = PBXBuildFile; fileRef = F69ED853179AB11B00C73DCC /* Social.framework */; };
		F69ED857179AB9DE00C73DCC /* Logo.png in Resources */ = {isa = PBXBuildFile; fileRef = F69ED856179AB9DE00C73DCC /* Logo.png */; };
		F69ED859179AB9E400C73DCC /* Logo@2x.png in Resources */ = {isa = PBXBuildFile; fileRef = F69ED858179AB9E400C73DCC /* Logo@2x.png */; };
		F6C5EAEB179AA1340048E52A /* UIKit.framework in Frameworks */ = {isa = PBXBuildFile; fileRef = F6C5EAEA179AA1340048E52A /* UIKit.framework */; };
		F6C5EAED179AA1340048E52A /* Foundation.framework in Frameworks */ = {isa = PBXBuildFile; fileRef = F6C5EAEC179AA1340048E52A /* Foundation.framework */; };
		F6C5EAEF179AA1340048E52A /* CoreGraphics.framework in Frameworks */ = {isa = PBXBuildFile; fileRef = F6C5EAEE179AA1340048E52A /* CoreGraphics.framework */; };
		F6C5EAF5179AA1340048E52A /* InfoPlist.strings in Resources */ = {isa = PBXBuildFile; fileRef = F6C5EAF3179AA1340048E52A /* InfoPlist.strings */; };
		F6C5EAF7179AA1340048E52A /* main.m in Sources */ = {isa = PBXBuildFile; fileRef = F6C5EAF6179AA1340048E52A /* main.m */; };
		F6C5EAFB179AA1340048E52A /* DBTAppDelegate.m in Sources */ = {isa = PBXBuildFile; fileRef = F6C5EAFA179AA1340048E52A /* DBTAppDelegate.m */; };
		F6C5EAFD179AA1340048E52A /* Default.png in Resources */ = {isa = PBXBuildFile; fileRef = F6C5EAFC179AA1340048E52A /* Default.png */; };
		F6C5EAFF179AA1340048E52A /* Default@2x.png in Resources */ = {isa = PBXBuildFile; fileRef = F6C5EAFE179AA1340048E52A /* Default@2x.png */; };
		F6C5EB01179AA1340048E52A /* Default-568h@2x.png in Resources */ = {isa = PBXBuildFile; fileRef = F6C5EB00179AA1340048E52A /* Default-568h@2x.png */; };
		F6C5EB04179AA1340048E52A /* MainStoryboard.storyboard in Resources */ = {isa = PBXBuildFile; fileRef = F6C5EB02179AA1340048E52A /* MainStoryboard.storyboard */; };
		F6C5EB07179AA1340048E52A /* DBTViewController.m in Sources */ = {isa = PBXBuildFile; fileRef = F6C5EB06179AA1340048E52A /* DBTViewController.m */; };
/* End PBXBuildFile section */

/* Begin PBXFileReference section */
		F69ED849179AAFD700C73DCC /* FacebookSDK.framework */ = {isa = PBXFileReference; lastKnownFileType = wrapper.framework; name = FacebookSDK.framework; path = ../../../../Documents/FacebookSDK/FacebookSDK.framework; sourceTree = "<group>"; };
		F69ED84B179AB0FE00C73DCC /* AdSupport.framework */ = {isa = PBXFileReference; lastKnownFileType = wrapper.framework; name = AdSupport.framework; path = System/Library/Frameworks/AdSupport.framework; sourceTree = SDKROOT; };
		F69ED84D179AB10700C73DCC /* Accounts.framework */ = {isa = PBXFileReference; lastKnownFileType = wrapper.framework; name = Accounts.framework; path = System/Library/Frameworks/Accounts.framework; sourceTree = SDKROOT; };
		F69ED84F179AB10E00C73DCC /* libsqlite3.dylib */ = {isa = PBXFileReference; lastKnownFileType = "compiled.mach-o.dylib"; name = libsqlite3.dylib; path = usr/lib/libsqlite3.dylib; sourceTree = SDKROOT; };
		F69ED851179AB11700C73DCC /* Security.framework */ = {isa = PBXFileReference; lastKnownFileType = wrapper.framework; name = Security.framework; path = System/Library/Frameworks/Security.framework; sourceTree = SDKROOT; };
		F69ED853179AB11B00C73DCC /* Social.framework */ = {isa = PBXFileReference; lastKnownFileType = wrapper.framework; name = Social.framework; path = System/Library/Frameworks/Social.framework; sourceTree = SDKROOT; };
		F69ED856179AB9DE00C73DCC /* Logo.png */ = {isa = PBXFileReference; lastKnownFileType = image.png; path = Logo.png; sourceTree = SOURCE_ROOT; };
		F69ED858179AB9E400C73DCC /* Logo@2x.png */ = {isa = PBXFileReference; lastKnownFileType = image.png; path = "Logo@2x.png"; sourceTree = SOURCE_ROOT; };
		F6C5EAE7179AA1340048E52A /* DontBurnThem.app */ = {isa = PBXFileReference; explicitFileType = wrapper.application; includeInIndex = 0; path = DontBurnThem.app; sourceTree = BUILT_PRODUCTS_DIR; };
		F6C5EAEA179AA1340048E52A /* UIKit.framework */ = {isa = PBXFileReference; lastKnownFileType = wrapper.framework; name = UIKit.framework; path = System/Library/Frameworks/UIKit.framework; sourceTree = SDKROOT; };
		F6C5EAEC179AA1340048E52A /* Foundation.framework */ = {isa = PBXFileReference; lastKnownFileType = wrapper.framework; name = Foundation.framework; path = System/Library/Frameworks/Foundation.framework; sourceTree = SDKROOT; };
		F6C5EAEE179AA1340048E52A /* CoreGraphics.framework */ = {isa = PBXFileReference; lastKnownFileType = wrapper.framework; name = CoreGraphics.framework; path = System/Library/Frameworks/CoreGraphics.framework; sourceTree = SDKROOT; };
		F6C5EAF2179AA1340048E52A /* DontBurnThem-Info.plist */ = {isa = PBXFileReference; lastKnownFileType = text.plist.xml; path = "DontBurnThem-Info.plist"; sourceTree = "<group>"; };
		F6C5EAF4179AA1340048E52A /* en */ = {isa = PBXFileReference; lastKnownFileType = text.plist.strings; name = en; path = en.lproj/InfoPlist.strings; sourceTree = "<group>"; };
		F6C5EAF6179AA1340048E52A /* main.m */ = {isa = PBXFileReference; lastKnownFileType = sourcecode.c.objc; path = main.m; sourceTree = "<group>"; };
		F6C5EAF8179AA1340048E52A /* DontBurnThem-Prefix.pch */ = {isa = PBXFileReference; lastKnownFileType = sourcecode.c.h; path = "DontBurnThem-Prefix.pch"; sourceTree = "<group>"; };
		F6C5EAF9179AA1340048E52A /* DBTAppDelegate.h */ = {isa = PBXFileReference; lastKnownFileType = sourcecode.c.h; path = DBTAppDelegate.h; sourceTree = "<group>"; };
		F6C5EAFA179AA1340048E52A /* DBTAppDelegate.m */ = {isa = PBXFileReference; lastKnownFileType = sourcecode.c.objc; path = DBTAppDelegate.m; sourceTree = "<group>"; };
		F6C5EAFC179AA1340048E52A /* Default.png */ = {isa = PBXFileReference; lastKnownFileType = image.png; path = Default.png; sourceTree = "<group>"; };
		F6C5EAFE179AA1340048E52A /* Default@2x.png */ = {isa = PBXFileReference; lastKnownFileType = image.png; path = "Default@2x.png"; sourceTree = "<group>"; };
		F6C5EB00179AA1340048E52A /* Default-568h@2x.png */ = {isa = PBXFileReference; lastKnownFileType = image.png; path = "Default-568h@2x.png"; sourceTree = "<group>"; };
		F6C5EB03179AA1340048E52A /* en */ = {isa = PBXFileReference; lastKnownFileType = file.storyboard; name = en; path = en.lproj/MainStoryboard.storyboard; sourceTree = "<group>"; };
		F6C5EB05179AA1340048E52A /* DBTViewController.h */ = {isa = PBXFileReference; lastKnownFileType = sourcecode.c.h; path = DBTViewController.h; sourceTree = "<group>"; };
		F6C5EB06179AA1340048E52A /* DBTViewController.m */ = {isa = PBXFileReference; lastKnownFileType = sourcecode.c.objc; path = DBTViewController.m; sourceTree = "<group>"; };
/* End PBXFileReference section */

/* Begin PBXFrameworksBuildPhase section */
		F6C5EAE4179AA1340048E52A /* Frameworks */ = {
			isa = PBXFrameworksBuildPhase;
			buildActionMask = 2147483647;
			files = (
				F69ED854179AB11B00C73DCC /* Social.framework in Frameworks */,
				F69ED852179AB11700C73DCC /* Security.framework in Frameworks */,
				F69ED850179AB10E00C73DCC /* libsqlite3.dylib in Frameworks */,
				F69ED84E179AB10700C73DCC /* Accounts.framework in Frameworks */,
				F69ED84C179AB0FE00C73DCC /* AdSupport.framework in Frameworks */,
				F6C5EAEB179AA1340048E52A /* UIKit.framework in Frameworks */,
				F6C5EAED179AA1340048E52A /* Foundation.framework in Frameworks */,
				F6C5EAEF179AA1340048E52A /* CoreGraphics.framework in Frameworks */,
				F69ED84A179AAFD700C73DCC /* FacebookSDK.framework in Frameworks */,
			);
			runOnlyForDeploymentPostprocessing = 0;
		};
/* End PBXFrameworksBuildPhase section */

/* Begin PBXGroup section */
		F69ED855179AB9D100C73DCC /* Resources */ = {
			isa = PBXGroup;
			children = (
				F69ED858179AB9E400C73DCC /* Logo@2x.png */,
				F69ED856179AB9DE00C73DCC /* Logo.png */,
			);
			name = Resources;
			path = DontBurnThem;
			sourceTree = "<group>";
		};
		F6C5EADE179AA1340048E52A = {
			isa = PBXGroup;
			children = (
				F6C5EAF0179AA1340048E52A /* DontBurnThem */,
				F69ED855179AB9D100C73DCC /* Resources */,
				F6C5EAE9179AA1340048E52A /* Frameworks */,
				F6C5EAE8179AA1340048E52A /* Products */,
			);
			sourceTree = "<group>";
		};
		F6C5EAE8179AA1340048E52A /* Products */ = {
			isa = PBXGroup;
			children = (
				F6C5EAE7179AA1340048E52A /* DontBurnThem.app */,
			);
			name = Products;
			sourceTree = "<group>";
		};
		F6C5EAE9179AA1340048E52A /* Frameworks */ = {
			isa = PBXGroup;
			children = (
				F69ED853179AB11B00C73DCC /* Social.framework */,
				F69ED851179AB11700C73DCC /* Security.framework */,
				F69ED84F179AB10E00C73DCC /* libsqlite3.dylib */,
				F69ED84D179AB10700C73DCC /* Accounts.framework */,
				F69ED84B179AB0FE00C73DCC /* AdSupport.framework */,
				F69ED849179AAFD700C73DCC /* FacebookSDK.framework */,
				F6C5EAEA179AA1340048E52A /* UIKit.framework */,
				F6C5EAEC179AA1340048E52A /* Foundation.framework */,
				F6C5EAEE179AA1340048E52A /* CoreGraphics.framework */,
			);
			name = Frameworks;
			sourceTree = "<group>";
		};
		F6C5EAF0179AA1340048E52A /* DontBurnThem */ = {
			isa = PBXGroup;
			children = (
				F6C5EAF9179AA1340048E52A /* DBTAppDelegate.h */,
				F6C5EAFA179AA1340048E52A /* DBTAppDelegate.m */,
				F6C5EB02179AA1340048E52A /* MainStoryboard.storyboard */,
				F6C5EB05179AA1340048E52A /* DBTViewController.h */,
				F6C5EB06179AA1340048E52A /* DBTViewController.m */,
				F6C5EAF1179AA1340048E52A /* Supporting Files */,
			);
			path = DontBurnThem;
			sourceTree = "<group>";
		};
		F6C5EAF1179AA1340048E52A /* Supporting Files */ = {
			isa = PBXGroup;
			children = (
				F6C5EAF2179AA1340048E52A /* DontBurnThem-Info.plist */,
				F6C5EAF3179AA1340048E52A /* InfoPlist.strings */,
				F6C5EAF6179AA1340048E52A /* main.m */,
				F6C5EAF8179AA1340048E52A /* DontBurnThem-Prefix.pch */,
				F6C5EAFC179AA1340048E52A /* Default.png */,
				F6C5EAFE179AA1340048E52A /* Default@2x.png */,
				F6C5EB00179AA1340048E52A /* Default-568h@2x.png */,
			);
			name = "Supporting Files";
			sourceTree = "<group>";
		};
/* End PBXGroup section */

/* Begin PBXNativeTarget section */
		F6C5EAE6179AA1340048E52A /* DontBurnThem */ = {
			isa = PBXNativeTarget;
			buildConfigurationList = F6C5EB0A179AA1340048E52A /* Build configuration list for PBXNativeTarget "DontBurnThem" */;
			buildPhases = (
				F6C5EAE3179AA1340048E52A /* Sources */,
				F6C5EAE4179AA1340048E52A /* Frameworks */,
				F6C5EAE5179AA1340048E52A /* Resources */,
			);
			buildRules = (
			);
			dependencies = (
			);
			name = DontBurnThem;
			productName = DontBurnThem;
			productReference = F6C5EAE7179AA1340048E52A /* DontBurnThem.app */;
			productType = "com.apple.product-type.application";
		};
/* End PBXNativeTarget section */

/* Begin PBXProject section */
		F6C5EADF179AA1340048E52A /* Project object */ = {
			isa = PBXProject;
			attributes = {
				CLASSPREFIX = DBT;
				LastUpgradeCheck = 0460;
				ORGANIZATIONNAME = "Pietro Saccardi";
			};
			buildConfigurationList = F6C5EAE2179AA1340048E52A /* Build configuration list for PBXProject "DontBurnThem" */;
			compatibilityVersion = "Xcode 3.2";
			developmentRegion = English;
			hasScannedForEncodings = 0;
			knownRegions = (
				en,
			);
			mainGroup = F6C5EADE179AA1340048E52A;
			productRefGroup = F6C5EAE8179AA1340048E52A /* Products */;
			projectDirPath = "";
			projectRoot = "";
			targets = (
				F6C5EAE6179AA1340048E52A /* DontBurnThem */,
			);
		};
/* End PBXProject section */

/* Begin PBXResourcesBuildPhase section */
		F6C5EAE5179AA1340048E52A /* Resources */ = {
			isa = PBXResourcesBuildPhase;
			buildActionMask = 2147483647;
			files = (
				F6C5EAF5179AA1340048E52A /* InfoPlist.strings in Resources */,
				F6C5EAFD179AA1340048E52A /* Default.png in Resources */,
				F6C5EAFF179AA1340048E52A /* Default@2x.png in Resources */,
				F6C5EB01179AA1340048E52A /* Default-568h@2x.png in Resources */,
				F6C5EB04179AA1340048E52A /* MainStoryboard.storyboard in Resources */,
				F69ED857179AB9DE00C73DCC /* Logo.png in Resources */,
				F69ED859179AB9E400C73DCC /* Logo@2x.png in Resources */,
			);
			runOnlyForDeploymentPostprocessing = 0;
		};
/* End PBXResourcesBuildPhase section */

/* Begin PBXSourcesBuildPhase section */
		F6C5EAE3179AA1340048E52A /* Sources */ = {
			isa = PBXSourcesBuildPhase;
			buildActionMask = 2147483647;
			files = (
				F6C5EAF7179AA1340048E52A /* main.m in Sources */,
				F6C5EAFB179AA1340048E52A /* DBTAppDelegate.m in Sources */,
				F6C5EB07179AA1340048E52A /* DBTViewController.m in Sources */,
			);
			runOnlyForDeploymentPostprocessing = 0;
		};
/* End PBXSourcesBuildPhase section */

/* Begin PBXVariantGroup section */
		F6C5EAF3179AA1340048E52A /* InfoPlist.strings */ = {
			isa = PBXVariantGroup;
			children = (
				F6C5EAF4179AA1340048E52A /* en */,
			);
			name = InfoPlist.strings;
			sourceTree = "<group>";
		};
		F6C5EB02179AA1340048E52A /* MainStoryboard.storyboard */ = {
			isa = PBXVariantGroup;
			children = (
				F6C5EB03179AA1340048E52A /* en */,
			);
			name = MainStoryboard.storyboard;
			sourceTree = "<group>";
		};
/* End PBXVariantGroup section */

/* Begin XCBuildConfiguration section */
		F6C5EB08179AA1340048E52A /* Debug */ = {
			isa = XCBuildConfiguration;
			buildSettings = {
				ALWAYS_SEARCH_USER_PATHS = NO;
				CLANG_CXX_LANGUAGE_STANDARD = "gnu++0x";
				CLANG_CXX_LIBRARY = "libc++";
				CLANG_WARN_CONSTANT_CONVERSION = YES;
				CLANG_WARN_EMPTY_BODY = YES;
				CLANG_WARN_ENUM_CONVERSION = YES;
				CLANG_WARN_INT_CONVERSION = YES;
				CLANG_WARN__DUPLICATE_METHOD_MATCH = YES;
				"CODE_SIGN_IDENTITY[sdk=iphoneos*]" = "iPhone Developer";
				COPY_PHASE_STRIP = NO;
				GCC_C_LANGUAGE_STANDARD = gnu99;
				GCC_DYNAMIC_NO_PIC = NO;
				GCC_OPTIMIZATION_LEVEL = 0;
				GCC_PREPROCESSOR_DEFINITIONS = (
					"DEBUG=1",
					"$(inherited)",
				);
				GCC_SYMBOLS_PRIVATE_EXTERN = NO;
				GCC_WARN_ABOUT_RETURN_TYPE = YES;
				GCC_WARN_UNINITIALIZED_AUTOS = YES;
				GCC_WARN_UNUSED_VARIABLE = YES;
				IPHONEOS_DEPLOYMENT_TARGET = 6.1;
				ONLY_ACTIVE_ARCH = YES;
				SDKROOT = iphoneos;
			};
			name = Debug;
		};
		F6C5EB09179AA1340048E52A /* Release */ = {
			isa = XCBuildConfiguration;
			buildSettings = {
				ALWAYS_SEARCH_USER_PATHS = NO;
				CLANG_CXX_LANGUAGE_STANDARD = "gnu++0x";
				CLANG_CXX_LIBRARY = "libc++";
				CLANG_WARN_CONSTANT_CONVERSION = YES;
				CLANG_WARN_EMPTY_BODY = YES;
				CLANG_WARN_ENUM_CONVERSION = YES;
				CLANG_WARN_INT_CONVERSION = YES;
				CLANG_WARN__DUPLICATE_METHOD_MATCH = YES;
				"CODE_SIGN_IDENTITY[sdk=iphoneos*]" = "iPhone Developer";
				COPY_PHASE_STRIP = YES;
				GCC_C_LANGUAGE_STANDARD = gnu99;
				GCC_WARN_ABOUT_RETURN_TYPE = YES;
				GCC_WARN_UNINITIALIZED_AUTOS = YES;
				GCC_WARN_UNUSED_VARIABLE = YES;
				IPHONEOS_DEPLOYMENT_TARGET = 6.1;
				OTHER_CFLAGS = "-DNS_BLOCK_ASSERTIONS=1";
				SDKROOT = iphoneos;
				VALIDATE_PRODUCT = YES;
			};
			name = Release;
		};
		F6C5EB0B179AA1340048E52A /* Debug */ = {
			isa = XCBuildConfiguration;
			buildSettings = {
				FRAMEWORK_SEARCH_PATHS = (
					"$(inherited)",
					"\"$(SRCROOT)/../../../../Documents/FacebookSDK\"",
				);
				GCC_PRECOMPILE_PREFIX_HEADER = YES;
				GCC_PREFIX_HEADER = "DontBurnThem/DontBurnThem-Prefix.pch";
				INFOPLIST_FILE = "DontBurnThem/DontBurnThem-Info.plist";
				PRODUCT_NAME = "$(TARGET_NAME)";
				WRAPPER_EXTENSION = app;
			};
			name = Debug;
		};
		F6C5EB0C179AA1340048E52A /* Release */ = {
			isa = XCBuildConfiguration;
			buildSettings = {
				FRAMEWORK_SEARCH_PATHS = (
					"$(inherited)",
					"\"$(SRCROOT)/../../../../Documents/FacebookSDK\"",
				);
				GCC_PRECOMPILE_PREFIX_HEADER = YES;
				GCC_PREFIX_HEADER = "DontBurnThem/DontBurnThem-Prefix.pch";
				INFOPLIST_FILE = "DontBurnThem/DontBurnThem-Info.plist";
				PRODUCT_NAME = "$(TARGET_NAME)";
				WRAPPER_EXTENSION = app;
			};
			name = Release;
		};
/* End XCBuildConfiguration section */

/* Begin XCConfigurationList section */
		F6C5EAE2179AA1340048E52A /* Build configuration list for PBXProject "DontBurnThem" */ = {
			isa = XCConfigurationList;
			buildConfigurations = (
				F6C5EB08179AA1340048E52A /* Debug */,
				F6C5EB09179AA1340048E52A /* Release */,
			);
			defaultConfigurationIsVisible = 0;
			defaultConfigurationName = Release;
		};
		F6C5EB0A179AA1340048E52A /* Build configuration list for PBXNativeTarget "DontBurnThem" */ = {
			isa = XCConfigurationList;
			buildConfigurations = (
				F6C5EB0B179AA1340048E52A /* Debug */,
				F6C5EB0C179AA1340048E52A /* Release */,
			);
			defaultConfigurationIsVisible = 0;
			defaultConfigurationName = Release;
		};
/* End XCConfigurationList section */
	};
	rootObject = F6C5EADF179AA1340048E52A /* Project object */;
}
