// !$*UTF8*$!
{
	archiveVersion = 1;
	classes = {
	};
	objectVersion = 46;
	objects = {

/* Begin PBXBuildFile section */
		F68DB13717A2F5AD00697AC2 /* Icon.png in Resources */ = {isa = PBXBuildFile; fileRef = F68DB13617A2F5AD00697AC2 /* Icon.png */; };
		F68DB13917A2F5B000697AC2 /* Icon@2x.png in Resources */ = {isa = PBXBuildFile; fileRef = F68DB13817A2F5B000697AC2 /* Icon@2x.png */; };
		F693FDDB179BB8A80024B26E /* NSString+Utils.m in Sources */ = {isa = PBXBuildFile; fileRef = F693FDDA179BB8A80024B26E /* NSString+Utils.m */; };
		F693FDDE179BC5C30024B26E /* DBTOfferCell.m in Sources */ = {isa = PBXBuildFile; fileRef = F693FDDD179BC5C30024B26E /* DBTOfferCell.m */; };
		F693FDE0179BF6930024B26E /* libisimulate-4.x.a in Frameworks */ = {isa = PBXBuildFile; fileRef = F693FDDF179BF6930024B26E /* libisimulate-4.x.a */; };
		F69ED84A179AAFD700C73DCC /* FacebookSDK.framework in Frameworks */ = {isa = PBXBuildFile; fileRef = F69ED849179AAFD700C73DCC /* FacebookSDK.framework */; };
		F69ED84C179AB0FE00C73DCC /* AdSupport.framework in Frameworks */ = {isa = PBXBuildFile; fileRef = F69ED84B179AB0FE00C73DCC /* AdSupport.framework */; };
		F69ED84E179AB10700C73DCC /* Accounts.framework in Frameworks */ = {isa = PBXBuildFile; fileRef = F69ED84D179AB10700C73DCC /* Accounts.framework */; };
		F69ED850179AB10E00C73DCC /* libsqlite3.dylib in Frameworks */ = {isa = PBXBuildFile; fileRef = F69ED84F179AB10E00C73DCC /* libsqlite3.dylib */; };
		F69ED852179AB11700C73DCC /* Security.framework in Frameworks */ = {isa = PBXBuildFile; fileRef = F69ED851179AB11700C73DCC /* Security.framework */; };
		F69ED854179AB11B00C73DCC /* Social.framework in Frameworks */ = {isa = PBXBuildFile; fileRef = F69ED853179AB11B00C73DCC /* Social.framework */; };
		F69ED857179AB9DE00C73DCC /* Logo.png in Resources */ = {isa = PBXBuildFile; fileRef = F69ED856179AB9DE00C73DCC /* Logo.png */; };
		F69ED859179AB9E400C73DCC /* Logo@2x.png in Resources */ = {isa = PBXBuildFile; fileRef = F69ED858179AB9E400C73DCC /* Logo@2x.png */; };
		F69ED89B179ABB5300C73DCC /* libzbar.a in Frameworks */ = {isa = PBXBuildFile; fileRef = F69ED895179ABB5300C73DCC /* libzbar.a */; };
		F69ED89C179ABB5300C73DCC /* zbar-back.png in Resources */ = {isa = PBXBuildFile; fileRef = F69ED897179ABB5300C73DCC /* zbar-back.png */; };
		F69ED89D179ABB5300C73DCC /* zbar-help.html in Resources */ = {isa = PBXBuildFile; fileRef = F69ED898179ABB5300C73DCC /* zbar-help.html */; };
		F69ED89E179ABB5300C73DCC /* zbar-helpicons.png in Resources */ = {isa = PBXBuildFile; fileRef = F69ED899179ABB5300C73DCC /* zbar-helpicons.png */; };
		F69ED89F179ABB5300C73DCC /* zbar-samples.png in Resources */ = {isa = PBXBuildFile; fileRef = F69ED89A179ABB5300C73DCC /* zbar-samples.png */; };
		F69ED8A1179ABB7600C73DCC /* AVFoundation.framework in Frameworks */ = {isa = PBXBuildFile; fileRef = F69ED8A0179ABB7600C73DCC /* AVFoundation.framework */; };
		F69ED8A3179ABB7A00C73DCC /* CoreMedia.framework in Frameworks */ = {isa = PBXBuildFile; fileRef = F69ED8A2179ABB7A00C73DCC /* CoreMedia.framework */; };
		F69ED8A5179ABB8000C73DCC /* CoreVideo.framework in Frameworks */ = {isa = PBXBuildFile; fileRef = F69ED8A4179ABB8000C73DCC /* CoreVideo.framework */; };
		F69ED8A7179ABB8700C73DCC /* QuartzCore.framework in Frameworks */ = {isa = PBXBuildFile; fileRef = F69ED8A6179ABB8700C73DCC /* QuartzCore.framework */; };
		F69ED8A9179ABB8D00C73DCC /* libiconv.dylib in Frameworks */ = {isa = PBXBuildFile; fileRef = F69ED8A8179ABB8D00C73DCC /* libiconv.dylib */; };
		F69ED8AC179ABDDF00C73DCC /* DBTMenuController.m in Sources */ = {isa = PBXBuildFile; fileRef = F69ED8AB179ABDDF00C73DCC /* DBTMenuController.m */; };
		F69ED8AF179AD81100C73DCC /* DBTOpenLibraryBook.m in Sources */ = {isa = PBXBuildFile; fileRef = F69ED8AE179AD81100C73DCC /* DBTOpenLibraryBook.m */; };
		F6C5EAEB179AA1340048E52A /* UIKit.framework in Frameworks */ = {isa = PBXBuildFile; fileRef = F6C5EAEA179AA1340048E52A /* UIKit.framework */; };
		F6C5EAED179AA1340048E52A /* Foundation.framework in Frameworks */ = {isa = PBXBuildFile; fileRef = F6C5EAEC179AA1340048E52A /* Foundation.framework */; };
		F6C5EAEF179AA1340048E52A /* CoreGraphics.framework in Frameworks */ = {isa = PBXBuildFile; fileRef = F6C5EAEE179AA1340048E52A /* CoreGraphics.framework */; };
		F6C5EAF5179AA1340048E52A /* InfoPlist.strings in Resources */ = {isa = PBXBuildFile; fileRef = F6C5EAF3179AA1340048E52A /* InfoPlist.strings */; };
		F6C5EAF7179AA1340048E52A /* main.m in Sources */ = {isa = PBXBuildFile; fileRef = F6C5EAF6179AA1340048E52A /* main.m */; };
		F6C5EAFB179AA1340048E52A /* DBTAppDelegate.m in Sources */ = {isa = PBXBuildFile; fileRef = F6C5EAFA179AA1340048E52A /* DBTAppDelegate.m */; };
		F6C5EAFD179AA1340048E52A /* Default.png in Resources */ = {isa = PBXBuildFile; fileRef = F6C5EAFC179AA1340048E52A /* Default.png */; };
		F6C5EAFF179AA1340048E52A /* Default@2x.png in Resources */ = {isa = PBXBuildFile; fileRef = F6C5EAFE179AA1340048E52A /* Default@2x.png */; };
		F6C5EB01179AA1340048E52A /* Default-568h@2x.png in Resources */ = {isa = PBXBuildFile; fileRef = F6C5EB00179AA1340048E52A /* Default-568h@2x.png */; };
		F6C5EB04179AA1340048E52A /* MainStoryboard.storyboard in Resources */ = {isa = PBXBuildFile; fileRef = F6C5EB02179AA1340048E52A /* MainStoryboard.storyboard */; };
		F6F9CC46179B6BEA004A492A /* UIViewController+Utils.m in Sources */ = {isa = PBXBuildFile; fileRef = F6F9CC45179B6BEA004A492A /* UIViewController+Utils.m */; };
		F6F9CC49179B752B004A492A /* DBTPagedScrollView.m in Sources */ = {isa = PBXBuildFile; fileRef = F6F9CC48179B752B004A492A /* DBTPagedScrollView.m */; };
		F6F9CC4C179B9B0F004A492A /* DBTSearchController.m in Sources */ = {isa = PBXBuildFile; fileRef = F6F9CC4B179B9B0F004A492A /* DBTSearchController.m */; };
		F6F9CC4F179BA13F004A492A /* NSDictionary+Utils.m in Sources */ = {isa = PBXBuildFile; fileRef = F6F9CC4E179BA13F004A492A /* NSDictionary+Utils.m */; };
		F6FDE039179B03FC006498D0 /* DBTOfferController.m in Sources */ = {isa = PBXBuildFile; fileRef = F6FDE038179B03FC006498D0 /* DBTOfferController.m */; };
		F6FDE03C179B1B58006498D0 /* DBTImageCell.m in Sources */ = {isa = PBXBuildFile; fileRef = F6FDE03B179B1B58006498D0 /* DBTImageCell.m */; };
		F6FDE03F179B1C20006498D0 /* UITableView+Utils.m in Sources */ = {isa = PBXBuildFile; fileRef = F6FDE03E179B1C20006498D0 /* UITableView+Utils.m */; };
		F6FDE042179B2073006498D0 /* EmptyImage.png in Resources */ = {isa = PBXBuildFile; fileRef = F6FDE040179B2073006498D0 /* EmptyImage.png */; };
		F6FDE043179B2073006498D0 /* EmptyImage@2x.png in Resources */ = {isa = PBXBuildFile; fileRef = F6FDE041179B2073006498D0 /* EmptyImage@2x.png */; };
		F6FDE046179B279A006498D0 /* DBTMapCell.m in Sources */ = {isa = PBXBuildFile; fileRef = F6FDE045179B279A006498D0 /* DBTMapCell.m */; };
		F6FDE049179B27B9006498D0 /* CoreLocation.framework in Frameworks */ = {isa = PBXBuildFile; fileRef = F6FDE047179B27B3006498D0 /* CoreLocation.framework */; };
		F6FDE04B179B27EF006498D0 /* MapKit.framework in Frameworks */ = {isa = PBXBuildFile; fileRef = F6FDE04A179B27EF006498D0 /* MapKit.framework */; };
		F6FDE04E179B2A9C006498D0 /* DBTButtonCell.m in Sources */ = {isa = PBXBuildFile; fileRef = F6FDE04D179B2A9C006498D0 /* DBTButtonCell.m */; };
		F6FDE056179B34DB006498D0 /* DBTServer.m in Sources */ = {isa = PBXBuildFile; fileRef = F6FDE055179B34DB006498D0 /* DBTServer.m */; };
		F6FDE059179B4CCA006498D0 /* DBTTextCell.m in Sources */ = {isa = PBXBuildFile; fileRef = F6FDE058179B4CCA006498D0 /* DBTTextCell.m */; };
		F6FDE05C179B569E006498D0 /* DBTOffer.m in Sources */ = {isa = PBXBuildFile; fileRef = F6FDE05B179B569E006498D0 /* DBTOffer.m */; };
/* End PBXBuildFile section */

/* Begin PBXFileReference section */
		F68DB13617A2F5AD00697AC2 /* Icon.png */ = {isa = PBXFileReference; lastKnownFileType = image.png; name = Icon.png; path = ../Icon.png; sourceTree = "<group>"; };
		F68DB13817A2F5B000697AC2 /* Icon@2x.png */ = {isa = PBXFileReference; lastKnownFileType = image.png; name = "Icon@2x.png"; path = "../Icon@2x.png"; sourceTree = "<group>"; };
		F693FDD9179BB8A80024B26E /* NSString+Utils.h */ = {isa = PBXFileReference; fileEncoding = 4; lastKnownFileType = sourcecode.c.h; path = "NSString+Utils.h"; sourceTree = "<group>"; };
		F693FDDA179BB8A80024B26E /* NSString+Utils.m */ = {isa = PBXFileReference; fileEncoding = 4; lastKnownFileType = sourcecode.c.objc; path = "NSString+Utils.m"; sourceTree = "<group>"; };
		F693FDDC179BC5C30024B26E /* DBTOfferCell.h */ = {isa = PBXFileReference; fileEncoding = 4; lastKnownFileType = sourcecode.c.h; path = DBTOfferCell.h; sourceTree = "<group>"; };
		F693FDDD179BC5C30024B26E /* DBTOfferCell.m */ = {isa = PBXFileReference; fileEncoding = 4; lastKnownFileType = sourcecode.c.objc; path = DBTOfferCell.m; sourceTree = "<group>"; };
		F693FDDF179BF6930024B26E /* libisimulate-4.x.a */ = {isa = PBXFileReference; lastKnownFileType = archive.ar; path = "libisimulate-4.x.a"; sourceTree = "<group>"; };
		F69ED849179AAFD700C73DCC /* FacebookSDK.framework */ = {isa = PBXFileReference; lastKnownFileType = wrapper.framework; name = FacebookSDK.framework; path = ../../../../Documents/FacebookSDK/FacebookSDK.framework; sourceTree = "<group>"; };
		F69ED84B179AB0FE00C73DCC /* AdSupport.framework */ = {isa = PBXFileReference; lastKnownFileType = wrapper.framework; name = AdSupport.framework; path = System/Library/Frameworks/AdSupport.framework; sourceTree = SDKROOT; };
		F69ED84D179AB10700C73DCC /* Accounts.framework */ = {isa = PBXFileReference; lastKnownFileType = wrapper.framework; name = Accounts.framework; path = System/Library/Frameworks/Accounts.framework; sourceTree = SDKROOT; };
		F69ED84F179AB10E00C73DCC /* libsqlite3.dylib */ = {isa = PBXFileReference; lastKnownFileType = "compiled.mach-o.dylib"; name = libsqlite3.dylib; path = usr/lib/libsqlite3.dylib; sourceTree = SDKROOT; };
		F69ED851179AB11700C73DCC /* Security.framework */ = {isa = PBXFileReference; lastKnownFileType = wrapper.framework; name = Security.framework; path = System/Library/Frameworks/Security.framework; sourceTree = SDKROOT; };
		F69ED853179AB11B00C73DCC /* Social.framework */ = {isa = PBXFileReference; lastKnownFileType = wrapper.framework; name = Social.framework; path = System/Library/Frameworks/Social.framework; sourceTree = SDKROOT; };
		F69ED856179AB9DE00C73DCC /* Logo.png */ = {isa = PBXFileReference; lastKnownFileType = image.png; path = Logo.png; sourceTree = SOURCE_ROOT; };
		F69ED858179AB9E400C73DCC /* Logo@2x.png */ = {isa = PBXFileReference; lastKnownFileType = image.png; path = "Logo@2x.png"; sourceTree = SOURCE_ROOT; };
		F69ED881179ABB5300C73DCC /* Decoder.h */ = {isa = PBXFileReference; fileEncoding = 4; lastKnownFileType = sourcecode.c.h; path = Decoder.h; sourceTree = "<group>"; };
		F69ED882179ABB5300C73DCC /* Exception.h */ = {isa = PBXFileReference; fileEncoding = 4; lastKnownFileType = sourcecode.c.h; path = Exception.h; sourceTree = "<group>"; };
		F69ED883179ABB5300C73DCC /* Image.h */ = {isa = PBXFileReference; fileEncoding = 4; lastKnownFileType = sourcecode.c.h; path = Image.h; sourceTree = "<group>"; };
		F69ED884179ABB5300C73DCC /* ImageScanner.h */ = {isa = PBXFileReference; fileEncoding = 4; lastKnownFileType = sourcecode.c.h; path = ImageScanner.h; sourceTree = "<group>"; };
		F69ED885179ABB5300C73DCC /* Processor.h */ = {isa = PBXFileReference; fileEncoding = 4; lastKnownFileType = sourcecode.c.h; path = Processor.h; sourceTree = "<group>"; };
		F69ED886179ABB5300C73DCC /* Scanner.h */ = {isa = PBXFileReference; fileEncoding = 4; lastKnownFileType = sourcecode.c.h; path = Scanner.h; sourceTree = "<group>"; };
		F69ED887179ABB5300C73DCC /* Symbol.h */ = {isa = PBXFileReference; fileEncoding = 4; lastKnownFileType = sourcecode.c.h; path = Symbol.h; sourceTree = "<group>"; };
		F69ED888179ABB5300C73DCC /* Video.h */ = {isa = PBXFileReference; fileEncoding = 4; lastKnownFileType = sourcecode.c.h; path = Video.h; sourceTree = "<group>"; };
		F69ED889179ABB5300C73DCC /* Window.h */ = {isa = PBXFileReference; fileEncoding = 4; lastKnownFileType = sourcecode.c.h; path = Window.h; sourceTree = "<group>"; };
		F69ED88A179ABB5300C73DCC /* zbar.h */ = {isa = PBXFileReference; fileEncoding = 4; lastKnownFileType = sourcecode.c.h; path = zbar.h; sourceTree = "<group>"; };
		F69ED88B179ABB5300C73DCC /* ZBarCameraSimulator.h */ = {isa = PBXFileReference; fileEncoding = 4; lastKnownFileType = sourcecode.c.h; path = ZBarCameraSimulator.h; sourceTree = "<group>"; };
		F69ED88C179ABB5300C73DCC /* ZBarCaptureReader.h */ = {isa = PBXFileReference; fileEncoding = 4; lastKnownFileType = sourcecode.c.h; path = ZBarCaptureReader.h; sourceTree = "<group>"; };
		F69ED88D179ABB5300C73DCC /* ZBarHelpController.h */ = {isa = PBXFileReference; fileEncoding = 4; lastKnownFileType = sourcecode.c.h; path = ZBarHelpController.h; sourceTree = "<group>"; };
		F69ED88E179ABB5300C73DCC /* ZBarImage.h */ = {isa = PBXFileReference; fileEncoding = 4; lastKnownFileType = sourcecode.c.h; path = ZBarImage.h; sourceTree = "<group>"; };
		F69ED88F179ABB5300C73DCC /* ZBarImageScanner.h */ = {isa = PBXFileReference; fileEncoding = 4; lastKnownFileType = sourcecode.c.h; path = ZBarImageScanner.h; sourceTree = "<group>"; };
		F69ED890179ABB5300C73DCC /* ZBarReaderController.h */ = {isa = PBXFileReference; fileEncoding = 4; lastKnownFileType = sourcecode.c.h; path = ZBarReaderController.h; sourceTree = "<group>"; };
		F69ED891179ABB5300C73DCC /* ZBarReaderView.h */ = {isa = PBXFileReference; fileEncoding = 4; lastKnownFileType = sourcecode.c.h; path = ZBarReaderView.h; sourceTree = "<group>"; };
		F69ED892179ABB5300C73DCC /* ZBarReaderViewController.h */ = {isa = PBXFileReference; fileEncoding = 4; lastKnownFileType = sourcecode.c.h; path = ZBarReaderViewController.h; sourceTree = "<group>"; };
		F69ED893179ABB5300C73DCC /* ZBarSDK.h */ = {isa = PBXFileReference; fileEncoding = 4; lastKnownFileType = sourcecode.c.h; path = ZBarSDK.h; sourceTree = "<group>"; };
		F69ED894179ABB5300C73DCC /* ZBarSymbol.h */ = {isa = PBXFileReference; fileEncoding = 4; lastKnownFileType = sourcecode.c.h; path = ZBarSymbol.h; sourceTree = "<group>"; };
		F69ED895179ABB5300C73DCC /* libzbar.a */ = {isa = PBXFileReference; lastKnownFileType = archive.ar; path = libzbar.a; sourceTree = "<group>"; };
		F69ED897179ABB5300C73DCC /* zbar-back.png */ = {isa = PBXFileReference; lastKnownFileType = image.png; path = "zbar-back.png"; sourceTree = "<group>"; };
		F69ED898179ABB5300C73DCC /* zbar-help.html */ = {isa = PBXFileReference; fileEncoding = 4; lastKnownFileType = text.html; path = "zbar-help.html"; sourceTree = "<group>"; };
		F69ED899179ABB5300C73DCC /* zbar-helpicons.png */ = {isa = PBXFileReference; lastKnownFileType = image.png; path = "zbar-helpicons.png"; sourceTree = "<group>"; };
		F69ED89A179ABB5300C73DCC /* zbar-samples.png */ = {isa = PBXFileReference; lastKnownFileType = image.png; path = "zbar-samples.png"; sourceTree = "<group>"; };
		F69ED8A0179ABB7600C73DCC /* AVFoundation.framework */ = {isa = PBXFileReference; lastKnownFileType = wrapper.framework; name = AVFoundation.framework; path = System/Library/Frameworks/AVFoundation.framework; sourceTree = SDKROOT; };
		F69ED8A2179ABB7A00C73DCC /* CoreMedia.framework */ = {isa = PBXFileReference; lastKnownFileType = wrapper.framework; name = CoreMedia.framework; path = System/Library/Frameworks/CoreMedia.framework; sourceTree = SDKROOT; };
		F69ED8A4179ABB8000C73DCC /* CoreVideo.framework */ = {isa = PBXFileReference; lastKnownFileType = wrapper.framework; name = CoreVideo.framework; path = System/Library/Frameworks/CoreVideo.framework; sourceTree = SDKROOT; };
		F69ED8A6179ABB8700C73DCC /* QuartzCore.framework */ = {isa = PBXFileReference; lastKnownFileType = wrapper.framework; name = QuartzCore.framework; path = System/Library/Frameworks/QuartzCore.framework; sourceTree = SDKROOT; };
		F69ED8A8179ABB8D00C73DCC /* libiconv.dylib */ = {isa = PBXFileReference; lastKnownFileType = "compiled.mach-o.dylib"; name = libiconv.dylib; path = usr/lib/libiconv.dylib; sourceTree = SDKROOT; };
		F69ED8AA179ABDDF00C73DCC /* DBTMenuController.h */ = {isa = PBXFileReference; fileEncoding = 4; lastKnownFileType = sourcecode.c.h; path = DBTMenuController.h; sourceTree = "<group>"; };
		F69ED8AB179ABDDF00C73DCC /* DBTMenuController.m */ = {isa = PBXFileReference; fileEncoding = 4; lastKnownFileType = sourcecode.c.objc; path = DBTMenuController.m; sourceTree = "<group>"; };
		F69ED8AD179AD81100C73DCC /* DBTOpenLibraryBook.h */ = {isa = PBXFileReference; fileEncoding = 4; lastKnownFileType = sourcecode.c.h; path = DBTOpenLibraryBook.h; sourceTree = "<group>"; };
		F69ED8AE179AD81100C73DCC /* DBTOpenLibraryBook.m */ = {isa = PBXFileReference; fileEncoding = 4; lastKnownFileType = sourcecode.c.objc; path = DBTOpenLibraryBook.m; sourceTree = "<group>"; };
		F6C5EAE7179AA1340048E52A /* DontBurnThem.app */ = {isa = PBXFileReference; explicitFileType = wrapper.application; includeInIndex = 0; path = DontBurnThem.app; sourceTree = BUILT_PRODUCTS_DIR; };
		F6C5EAEA179AA1340048E52A /* UIKit.framework */ = {isa = PBXFileReference; lastKnownFileType = wrapper.framework; name = UIKit.framework; path = System/Library/Frameworks/UIKit.framework; sourceTree = SDKROOT; };
		F6C5EAEC179AA1340048E52A /* Foundation.framework */ = {isa = PBXFileReference; lastKnownFileType = wrapper.framework; name = Foundation.framework; path = System/Library/Frameworks/Foundation.framework; sourceTree = SDKROOT; };
		F6C5EAEE179AA1340048E52A /* CoreGraphics.framework */ = {isa = PBXFileReference; lastKnownFileType = wrapper.framework; name = CoreGraphics.framework; path = System/Library/Frameworks/CoreGraphics.framework; sourceTree = SDKROOT; };
		F6C5EAF2179AA1340048E52A /* DontBurnThem-Info.plist */ = {isa = PBXFileReference; lastKnownFileType = text.plist.xml; path = "DontBurnThem-Info.plist"; sourceTree = "<group>"; };
		F6C5EAF4179AA1340048E52A /* en */ = {isa = PBXFileReference; lastKnownFileType = text.plist.strings; name = en; path = en.lproj/InfoPlist.strings; sourceTree = "<group>"; };
		F6C5EAF6179AA1340048E52A /* main.m */ = {isa = PBXFileReference; lastKnownFileType = sourcecode.c.objc; path = main.m; sourceTree = "<group>"; };
		F6C5EAF8179AA1340048E52A /* DontBurnThem-Prefix.pch */ = {isa = PBXFileReference; lastKnownFileType = sourcecode.c.h; path = "DontBurnThem-Prefix.pch"; sourceTree = "<group>"; };
		F6C5EAF9179AA1340048E52A /* DBTAppDelegate.h */ = {isa = PBXFileReference; lastKnownFileType = sourcecode.c.h; path = DBTAppDelegate.h; sourceTree = "<group>"; };
		F6C5EAFA179AA1340048E52A /* DBTAppDelegate.m */ = {isa = PBXFileReference; lastKnownFileType = sourcecode.c.objc; path = DBTAppDelegate.m; sourceTree = "<group>"; };
		F6C5EAFC179AA1340048E52A /* Default.png */ = {isa = PBXFileReference; lastKnownFileType = image.png; path = Default.png; sourceTree = "<group>"; };
		F6C5EAFE179AA1340048E52A /* Default@2x.png */ = {isa = PBXFileReference; lastKnownFileType = image.png; path = "Default@2x.png"; sourceTree = "<group>"; };
		F6C5EB00179AA1340048E52A /* Default-568h@2x.png */ = {isa = PBXFileReference; lastKnownFileType = image.png; path = "Default-568h@2x.png"; sourceTree = "<group>"; };
		F6C5EB03179AA1340048E52A /* en */ = {isa = PBXFileReference; lastKnownFileType = file.storyboard; name = en; path = en.lproj/MainStoryboard.storyboard; sourceTree = "<group>"; };
		F6F9CC44179B6BEA004A492A /* UIViewController+Utils.h */ = {isa = PBXFileReference; fileEncoding = 4; lastKnownFileType = sourcecode.c.h; path = "UIViewController+Utils.h"; sourceTree = "<group>"; };
		F6F9CC45179B6BEA004A492A /* UIViewController+Utils.m */ = {isa = PBXFileReference; fileEncoding = 4; lastKnownFileType = sourcecode.c.objc; path = "UIViewController+Utils.m"; sourceTree = "<group>"; };
		F6F9CC47179B752B004A492A /* DBTPagedScrollView.h */ = {isa = PBXFileReference; fileEncoding = 4; lastKnownFileType = sourcecode.c.h; name = DBTPagedScrollView.h; path = DontBurnThem/DBTPagedScrollView.h; sourceTree = "<group>"; };
		F6F9CC48179B752B004A492A /* DBTPagedScrollView.m */ = {isa = PBXFileReference; fileEncoding = 4; lastKnownFileType = sourcecode.c.objc; name = DBTPagedScrollView.m; path = DontBurnThem/DBTPagedScrollView.m; sourceTree = "<group>"; };
		F6F9CC4A179B9B0F004A492A /* DBTSearchController.h */ = {isa = PBXFileReference; fileEncoding = 4; lastKnownFileType = sourcecode.c.h; path = DBTSearchController.h; sourceTree = "<group>"; };
		F6F9CC4B179B9B0F004A492A /* DBTSearchController.m */ = {isa = PBXFileReference; fileEncoding = 4; lastKnownFileType = sourcecode.c.objc; path = DBTSearchController.m; sourceTree = "<group>"; };
		F6F9CC4D179BA13F004A492A /* NSDictionary+Utils.h */ = {isa = PBXFileReference; fileEncoding = 4; lastKnownFileType = sourcecode.c.h; path = "NSDictionary+Utils.h"; sourceTree = "<group>"; };
		F6F9CC4E179BA13F004A492A /* NSDictionary+Utils.m */ = {isa = PBXFileReference; fileEncoding = 4; lastKnownFileType = sourcecode.c.objc; path = "NSDictionary+Utils.m"; sourceTree = "<group>"; };
		F6FDE037179B03FC006498D0 /* DBTOfferController.h */ = {isa = PBXFileReference; fileEncoding = 4; lastKnownFileType = sourcecode.c.h; path = DBTOfferController.h; sourceTree = "<group>"; };
		F6FDE038179B03FC006498D0 /* DBTOfferController.m */ = {isa = PBXFileReference; fileEncoding = 4; lastKnownFileType = sourcecode.c.objc; path = DBTOfferController.m; sourceTree = "<group>"; };
		F6FDE03A179B1B58006498D0 /* DBTImageCell.h */ = {isa = PBXFileReference; fileEncoding = 4; lastKnownFileType = sourcecode.c.h; path = DBTImageCell.h; sourceTree = "<group>"; };
		F6FDE03B179B1B58006498D0 /* DBTImageCell.m */ = {isa = PBXFileReference; fileEncoding = 4; lastKnownFileType = sourcecode.c.objc; path = DBTImageCell.m; sourceTree = "<group>"; };
		F6FDE03D179B1C20006498D0 /* UITableView+Utils.h */ = {isa = PBXFileReference; fileEncoding = 4; lastKnownFileType = sourcecode.c.h; path = "UITableView+Utils.h"; sourceTree = "<group>"; };
		F6FDE03E179B1C20006498D0 /* UITableView+Utils.m */ = {isa = PBXFileReference; fileEncoding = 4; lastKnownFileType = sourcecode.c.objc; path = "UITableView+Utils.m"; sourceTree = "<group>"; };
		F6FDE040179B2073006498D0 /* EmptyImage.png */ = {isa = PBXFileReference; lastKnownFileType = image.png; path = EmptyImage.png; sourceTree = "<group>"; };
		F6FDE041179B2073006498D0 /* EmptyImage@2x.png */ = {isa = PBXFileReference; lastKnownFileType = image.png; path = "EmptyImage@2x.png"; sourceTree = "<group>"; };
		F6FDE044179B279A006498D0 /* DBTMapCell.h */ = {isa = PBXFileReference; fileEncoding = 4; lastKnownFileType = sourcecode.c.h; path = DBTMapCell.h; sourceTree = "<group>"; };
		F6FDE045179B279A006498D0 /* DBTMapCell.m */ = {isa = PBXFileReference; fileEncoding = 4; lastKnownFileType = sourcecode.c.objc; path = DBTMapCell.m; sourceTree = "<group>"; };
		F6FDE047179B27B3006498D0 /* CoreLocation.framework */ = {isa = PBXFileReference; lastKnownFileType = wrapper.framework; name = CoreLocation.framework; path = System/Library/Frameworks/CoreLocation.framework; sourceTree = SDKROOT; };
		F6FDE04A179B27EF006498D0 /* MapKit.framework */ = {isa = PBXFileReference; lastKnownFileType = wrapper.framework; name = MapKit.framework; path = System/Library/Frameworks/MapKit.framework; sourceTree = SDKROOT; };
		F6FDE04C179B2A9C006498D0 /* DBTButtonCell.h */ = {isa = PBXFileReference; fileEncoding = 4; lastKnownFileType = sourcecode.c.h; path = DBTButtonCell.h; sourceTree = "<group>"; };
		F6FDE04D179B2A9C006498D0 /* DBTButtonCell.m */ = {isa = PBXFileReference; fileEncoding = 4; lastKnownFileType = sourcecode.c.objc; path = DBTButtonCell.m; sourceTree = "<group>"; };
		F6FDE052179B32ED006498D0 /* DBTButtonCellDelegate.h */ = {isa = PBXFileReference; lastKnownFileType = sourcecode.c.h; path = DBTButtonCellDelegate.h; sourceTree = "<group>"; };
		F6FDE054179B34DB006498D0 /* DBTServer.h */ = {isa = PBXFileReference; fileEncoding = 4; lastKnownFileType = sourcecode.c.h; path = DBTServer.h; sourceTree = "<group>"; };
		F6FDE055179B34DB006498D0 /* DBTServer.m */ = {isa = PBXFileReference; fileEncoding = 4; lastKnownFileType = sourcecode.c.objc; path = DBTServer.m; sourceTree = "<group>"; };
		F6FDE057179B4CCA006498D0 /* DBTTextCell.h */ = {isa = PBXFileReference; fileEncoding = 4; lastKnownFileType = sourcecode.c.h; path = DBTTextCell.h; sourceTree = "<group>"; };
		F6FDE058179B4CCA006498D0 /* DBTTextCell.m */ = {isa = PBXFileReference; fileEncoding = 4; lastKnownFileType = sourcecode.c.objc; path = DBTTextCell.m; sourceTree = "<group>"; };
		F6FDE05A179B569E006498D0 /* DBTOffer.h */ = {isa = PBXFileReference; fileEncoding = 4; lastKnownFileType = sourcecode.c.h; path = DBTOffer.h; sourceTree = "<group>"; };
		F6FDE05B179B569E006498D0 /* DBTOffer.m */ = {isa = PBXFileReference; fileEncoding = 4; lastKnownFileType = sourcecode.c.objc; path = DBTOffer.m; sourceTree = "<group>"; };
/* End PBXFileReference section */

/* Begin PBXFrameworksBuildPhase section */
		F6C5EAE4179AA1340048E52A /* Frameworks */ = {
			isa = PBXFrameworksBuildPhase;
			buildActionMask = 2147483647;
			files = (
				F6FDE04B179B27EF006498D0 /* MapKit.framework in Frameworks */,
				F69ED8A9179ABB8D00C73DCC /* libiconv.dylib in Frameworks */,
				F69ED8A7179ABB8700C73DCC /* QuartzCore.framework in Frameworks */,
				F69ED8A5179ABB8000C73DCC /* CoreVideo.framework in Frameworks */,
				F69ED8A3179ABB7A00C73DCC /* CoreMedia.framework in Frameworks */,
				F69ED8A1179ABB7600C73DCC /* AVFoundation.framework in Frameworks */,
				F69ED854179AB11B00C73DCC /* Social.framework in Frameworks */,
				F6FDE049179B27B9006498D0 /* CoreLocation.framework in Frameworks */,
				F69ED852179AB11700C73DCC /* Security.framework in Frameworks */,
				F69ED850179AB10E00C73DCC /* libsqlite3.dylib in Frameworks */,
				F69ED84E179AB10700C73DCC /* Accounts.framework in Frameworks */,
				F69ED84C179AB0FE00C73DCC /* AdSupport.framework in Frameworks */,
				F6C5EAEB179AA1340048E52A /* UIKit.framework in Frameworks */,
				F6C5EAED179AA1340048E52A /* Foundation.framework in Frameworks */,
				F6C5EAEF179AA1340048E52A /* CoreGraphics.framework in Frameworks */,
				F69ED84A179AAFD700C73DCC /* FacebookSDK.framework in Frameworks */,
				F69ED89B179ABB5300C73DCC /* libzbar.a in Frameworks */,
				F693FDE0179BF6930024B26E /* libisimulate-4.x.a in Frameworks */,
			);
			runOnlyForDeploymentPostprocessing = 0;
		};
/* End PBXFrameworksBuildPhase section */

/* Begin PBXGroup section */
		F69ED855179AB9D100C73DCC /* Resources */ = {
			isa = PBXGroup;
			children = (
				F68DB13817A2F5B000697AC2 /* Icon@2x.png */,
				F68DB13617A2F5AD00697AC2 /* Icon.png */,
				F6FDE040179B2073006498D0 /* EmptyImage.png */,
				F6FDE041179B2073006498D0 /* EmptyImage@2x.png */,
				F69ED858179AB9E400C73DCC /* Logo@2x.png */,
				F69ED856179AB9DE00C73DCC /* Logo.png */,
			);
			name = Resources;
			path = DontBurnThem;
			sourceTree = "<group>";
		};
		F69ED87D179ABB5300C73DCC /* ZBarSDK */ = {
			isa = PBXGroup;
			children = (
				F69ED87E179ABB5300C73DCC /* Headers */,
				F69ED895179ABB5300C73DCC /* libzbar.a */,
				F69ED896179ABB5300C73DCC /* Resources */,
			);
			path = ZBarSDK;
			sourceTree = "<group>";
		};
		F69ED87E179ABB5300C73DCC /* Headers */ = {
			isa = PBXGroup;
			children = (
				F69ED87F179ABB5300C73DCC /* ZBarSDK */,
			);
			path = Headers;
			sourceTree = "<group>";
		};
		F69ED87F179ABB5300C73DCC /* ZBarSDK */ = {
			isa = PBXGroup;
			children = (
				F69ED880179ABB5300C73DCC /* zbar */,
				F69ED88A179ABB5300C73DCC /* zbar.h */,
				F69ED88B179ABB5300C73DCC /* ZBarCameraSimulator.h */,
				F69ED88C179ABB5300C73DCC /* ZBarCaptureReader.h */,
				F69ED88D179ABB5300C73DCC /* ZBarHelpController.h */,
				F69ED88E179ABB5300C73DCC /* ZBarImage.h */,
				F69ED88F179ABB5300C73DCC /* ZBarImageScanner.h */,
				F69ED890179ABB5300C73DCC /* ZBarReaderController.h */,
				F69ED891179ABB5300C73DCC /* ZBarReaderView.h */,
				F69ED892179ABB5300C73DCC /* ZBarReaderViewController.h */,
				F69ED893179ABB5300C73DCC /* ZBarSDK.h */,
				F69ED894179ABB5300C73DCC /* ZBarSymbol.h */,
			);
			path = ZBarSDK;
			sourceTree = "<group>";
		};
		F69ED880179ABB5300C73DCC /* zbar */ = {
			isa = PBXGroup;
			children = (
				F69ED881179ABB5300C73DCC /* Decoder.h */,
				F69ED882179ABB5300C73DCC /* Exception.h */,
				F69ED883179ABB5300C73DCC /* Image.h */,
				F69ED884179ABB5300C73DCC /* ImageScanner.h */,
				F69ED885179ABB5300C73DCC /* Processor.h */,
				F69ED886179ABB5300C73DCC /* Scanner.h */,
				F69ED887179ABB5300C73DCC /* Symbol.h */,
				F69ED888179ABB5300C73DCC /* Video.h */,
				F69ED889179ABB5300C73DCC /* Window.h */,
			);
			path = zbar;
			sourceTree = "<group>";
		};
		F69ED896179ABB5300C73DCC /* Resources */ = {
			isa = PBXGroup;
			children = (
				F69ED897179ABB5300C73DCC /* zbar-back.png */,
				F69ED898179ABB5300C73DCC /* zbar-help.html */,
				F69ED899179ABB5300C73DCC /* zbar-helpicons.png */,
				F69ED89A179ABB5300C73DCC /* zbar-samples.png */,
			);
			path = Resources;
			sourceTree = "<group>";
		};
		F6C5EADE179AA1340048E52A = {
			isa = PBXGroup;
			children = (
				F6F9CC47179B752B004A492A /* DBTPagedScrollView.h */,
				F6F9CC48179B752B004A492A /* DBTPagedScrollView.m */,
				F6C5EAF0179AA1340048E52A /* DontBurnThem */,
				F69ED855179AB9D100C73DCC /* Resources */,
				F69ED87D179ABB5300C73DCC /* ZBarSDK */,
				F6C5EAE9179AA1340048E52A /* Frameworks */,
				F6C5EAE8179AA1340048E52A /* Products */,
			);
			sourceTree = "<group>";
		};
		F6C5EAE8179AA1340048E52A /* Products */ = {
			isa = PBXGroup;
			children = (
				F6C5EAE7179AA1340048E52A /* DontBurnThem.app */,
			);
			name = Products;
			sourceTree = "<group>";
		};
		F6C5EAE9179AA1340048E52A /* Frameworks */ = {
			isa = PBXGroup;
			children = (
				F693FDDF179BF6930024B26E /* libisimulate-4.x.a */,
				F6FDE04A179B27EF006498D0 /* MapKit.framework */,
				F69ED8A8179ABB8D00C73DCC /* libiconv.dylib */,
				F6FDE047179B27B3006498D0 /* CoreLocation.framework */,
				F69ED8A6179ABB8700C73DCC /* QuartzCore.framework */,
				F69ED8A4179ABB8000C73DCC /* CoreVideo.framework */,
				F69ED8A2179ABB7A00C73DCC /* CoreMedia.framework */,
				F69ED8A0179ABB7600C73DCC /* AVFoundation.framework */,
				F69ED853179AB11B00C73DCC /* Social.framework */,
				F69ED851179AB11700C73DCC /* Security.framework */,
				F69ED84F179AB10E00C73DCC /* libsqlite3.dylib */,
				F69ED84D179AB10700C73DCC /* Accounts.framework */,
				F69ED84B179AB0FE00C73DCC /* AdSupport.framework */,
				F69ED849179AAFD700C73DCC /* FacebookSDK.framework */,
				F6C5EAEA179AA1340048E52A /* UIKit.framework */,
				F6C5EAEC179AA1340048E52A /* Foundation.framework */,
				F6C5EAEE179AA1340048E52A /* CoreGraphics.framework */,
			);
			name = Frameworks;
			sourceTree = "<group>";
		};
		F6C5EAF0179AA1340048E52A /* DontBurnThem */ = {
			isa = PBXGroup;
			children = (
				F6FDE05D179B5CC3006498D0 /* TableViewCells */,
				F6FDE053179B349B006498D0 /* REST */,
				F6C5EAF9179AA1340048E52A /* DBTAppDelegate.h */,
				F6C5EAFA179AA1340048E52A /* DBTAppDelegate.m */,
				F6C5EB02179AA1340048E52A /* MainStoryboard.storyboard */,
				F6F9CC4A179B9B0F004A492A /* DBTSearchController.h */,
				F6F9CC4B179B9B0F004A492A /* DBTSearchController.m */,
				F69ED8AA179ABDDF00C73DCC /* DBTMenuController.h */,
				F69ED8AB179ABDDF00C73DCC /* DBTMenuController.m */,
				F6FDE037179B03FC006498D0 /* DBTOfferController.h */,
				F6FDE038179B03FC006498D0 /* DBTOfferController.m */,
				F6C5EAF1179AA1340048E52A /* Supporting Files */,
			);
			path = DontBurnThem;
			sourceTree = "<group>";
		};
		F6C5EAF1179AA1340048E52A /* Supporting Files */ = {
			isa = PBXGroup;
			children = (
				F6F9CC44179B6BEA004A492A /* UIViewController+Utils.h */,
				F6F9CC45179B6BEA004A492A /* UIViewController+Utils.m */,
				F6FDE03D179B1C20006498D0 /* UITableView+Utils.h */,
				F6FDE03E179B1C20006498D0 /* UITableView+Utils.m */,
				F6C5EAF2179AA1340048E52A /* DontBurnThem-Info.plist */,
				F6C5EAF3179AA1340048E52A /* InfoPlist.strings */,
				F6C5EAF6179AA1340048E52A /* main.m */,
				F6C5EAF8179AA1340048E52A /* DontBurnThem-Prefix.pch */,
				F6C5EAFC179AA1340048E52A /* Default.png */,
				F6C5EAFE179AA1340048E52A /* Default@2x.png */,
				F6C5EB00179AA1340048E52A /* Default-568h@2x.png */,
				F6F9CC4D179BA13F004A492A /* NSDictionary+Utils.h */,
				F6F9CC4E179BA13F004A492A /* NSDictionary+Utils.m */,
				F693FDD9179BB8A80024B26E /* NSString+Utils.h */,
				F693FDDA179BB8A80024B26E /* NSString+Utils.m */,
			);
			name = "Supporting Files";
			sourceTree = "<group>";
		};
		F6FDE053179B349B006498D0 /* REST */ = {
			isa = PBXGroup;
			children = (
				F69ED8AD179AD81100C73DCC /* DBTOpenLibraryBook.h */,
				F69ED8AE179AD81100C73DCC /* DBTOpenLibraryBook.m */,
				F6FDE05A179B569E006498D0 /* DBTOffer.h */,
				F6FDE05B179B569E006498D0 /* DBTOffer.m */,
				F6FDE054179B34DB006498D0 /* DBTServer.h */,
				F6FDE055179B34DB006498D0 /* DBTServer.m */,
			);
			name = REST;
			sourceTree = "<group>";
		};
		F6FDE05D179B5CC3006498D0 /* TableViewCells */ = {
			isa = PBXGroup;
			children = (
				F6FDE03A179B1B58006498D0 /* DBTImageCell.h */,
				F6FDE03B179B1B58006498D0 /* DBTImageCell.m */,
				F6FDE044179B279A006498D0 /* DBTMapCell.h */,
				F6FDE045179B279A006498D0 /* DBTMapCell.m */,
				F6FDE04C179B2A9C006498D0 /* DBTButtonCell.h */,
				F6FDE052179B32ED006498D0 /* DBTButtonCellDelegate.h */,
				F6FDE04D179B2A9C006498D0 /* DBTButtonCell.m */,
				F6FDE057179B4CCA006498D0 /* DBTTextCell.h */,
				F6FDE058179B4CCA006498D0 /* DBTTextCell.m */,
				F693FDDC179BC5C30024B26E /* DBTOfferCell.h */,
				F693FDDD179BC5C30024B26E /* DBTOfferCell.m */,
			);
			name = TableViewCells;
			sourceTree = "<group>";
		};
/* End PBXGroup section */

/* Begin PBXNativeTarget section */
		F6C5EAE6179AA1340048E52A /* DontBurnThem */ = {
			isa = PBXNativeTarget;
			buildConfigurationList = F6C5EB0A179AA1340048E52A /* Build configuration list for PBXNativeTarget "DontBurnThem" */;
			buildPhases = (
				F6C5EAE3179AA1340048E52A /* Sources */,
				F6C5EAE4179AA1340048E52A /* Frameworks */,
				F6C5EAE5179AA1340048E52A /* Resources */,
			);
			buildRules = (
			);
			dependencies = (
			);
			name = DontBurnThem;
			productName = DontBurnThem;
			productReference = F6C5EAE7179AA1340048E52A /* DontBurnThem.app */;
			productType = "com.apple.product-type.application";
		};
/* End PBXNativeTarget section */

/* Begin PBXProject section */
		F6C5EADF179AA1340048E52A /* Project object */ = {
			isa = PBXProject;
			attributes = {
				CLASSPREFIX = DBT;
				LastUpgradeCheck = 0460;
				ORGANIZATIONNAME = "Pietro Saccardi";
			};
			buildConfigurationList = F6C5EAE2179AA1340048E52A /* Build configuration list for PBXProject "DontBurnThem" */;
			compatibilityVersion = "Xcode 3.2";
			developmentRegion = English;
			hasScannedForEncodings = 0;
			knownRegions = (
				en,
			);
			mainGroup = F6C5EADE179AA1340048E52A;
			productRefGroup = F6C5EAE8179AA1340048E52A /* Products */;
			projectDirPath = "";
			projectRoot = "";
			targets = (
				F6C5EAE6179AA1340048E52A /* DontBurnThem */,
			);
		};
/* End PBXProject section */

/* Begin PBXResourcesBuildPhase section */
		F6C5EAE5179AA1340048E52A /* Resources */ = {
			isa = PBXResourcesBuildPhase;
			buildActionMask = 2147483647;
			files = (
				F6C5EAF5179AA1340048E52A /* InfoPlist.strings in Resources */,
				F6C5EAFD179AA1340048E52A /* Default.png in Resources */,
				F6C5EAFF179AA1340048E52A /* Default@2x.png in Resources */,
				F6C5EB01179AA1340048E52A /* Default-568h@2x.png in Resources */,
				F6C5EB04179AA1340048E52A /* MainStoryboard.storyboard in Resources */,
				F69ED857179AB9DE00C73DCC /* Logo.png in Resources */,
				F69ED859179AB9E400C73DCC /* Logo@2x.png in Resources */,
				F69ED89C179ABB5300C73DCC /* zbar-back.png in Resources */,
				F69ED89D179ABB5300C73DCC /* zbar-help.html in Resources */,
				F69ED89E179ABB5300C73DCC /* zbar-helpicons.png in Resources */,
				F69ED89F179ABB5300C73DCC /* zbar-samples.png in Resources */,
				F6FDE042179B2073006498D0 /* EmptyImage.png in Resources */,
				F6FDE043179B2073006498D0 /* EmptyImage@2x.png in Resources */,
				F68DB13717A2F5AD00697AC2 /* Icon.png in Resources */,
				F68DB13917A2F5B000697AC2 /* Icon@2x.png in Resources */,
			);
			runOnlyForDeploymentPostprocessing = 0;
		};
/* End PBXResourcesBuildPhase section */

/* Begin PBXSourcesBuildPhase section */
		F6C5EAE3179AA1340048E52A /* Sources */ = {
			isa = PBXSourcesBuildPhase;
			buildActionMask = 2147483647;
			files = (
				F6C5EAF7179AA1340048E52A /* main.m in Sources */,
				F6C5EAFB179AA1340048E52A /* DBTAppDelegate.m in Sources */,
				F69ED8AC179ABDDF00C73DCC /* DBTMenuController.m in Sources */,
				F69ED8AF179AD81100C73DCC /* DBTOpenLibraryBook.m in Sources */,
				F6FDE039179B03FC006498D0 /* DBTOfferController.m in Sources */,
				F6FDE03C179B1B58006498D0 /* DBTImageCell.m in Sources */,
				F6FDE03F179B1C20006498D0 /* UITableView+Utils.m in Sources */,
				F6FDE046179B279A006498D0 /* DBTMapCell.m in Sources */,
				F6FDE04E179B2A9C006498D0 /* DBTButtonCell.m in Sources */,
				F6FDE056179B34DB006498D0 /* DBTServer.m in Sources */,
				F6FDE059179B4CCA006498D0 /* DBTTextCell.m in Sources */,
				F6FDE05C179B569E006498D0 /* DBTOffer.m in Sources */,
				F6F9CC46179B6BEA004A492A /* UIViewController+Utils.m in Sources */,
				F6F9CC49179B752B004A492A /* DBTPagedScrollView.m in Sources */,
				F6F9CC4C179B9B0F004A492A /* DBTSearchController.m in Sources */,
				F6F9CC4F179BA13F004A492A /* NSDictionary+Utils.m in Sources */,
				F693FDDB179BB8A80024B26E /* NSString+Utils.m in Sources */,
				F693FDDE179BC5C30024B26E /* DBTOfferCell.m in Sources */,
			);
			runOnlyForDeploymentPostprocessing = 0;
		};
/* End PBXSourcesBuildPhase section */

/* Begin PBXVariantGroup section */
		F6C5EAF3179AA1340048E52A /* InfoPlist.strings */ = {
			isa = PBXVariantGroup;
			children = (
				F6C5EAF4179AA1340048E52A /* en */,
			);
			name = InfoPlist.strings;
			sourceTree = "<group>";
		};
		F6C5EB02179AA1340048E52A /* MainStoryboard.storyboard */ = {
			isa = PBXVariantGroup;
			children = (
				F6C5EB03179AA1340048E52A /* en */,
			);
			name = MainStoryboard.storyboard;
			sourceTree = "<group>";
		};
/* End PBXVariantGroup section */

/* Begin XCBuildConfiguration section */
		F6C5EB08179AA1340048E52A /* Debug */ = {
			isa = XCBuildConfiguration;
			buildSettings = {
				ALWAYS_SEARCH_USER_PATHS = NO;
				CLANG_CXX_LANGUAGE_STANDARD = "gnu++0x";
				CLANG_CXX_LIBRARY = "libc++";
				CLANG_WARN_CONSTANT_CONVERSION = YES;
				CLANG_WARN_EMPTY_BODY = YES;
				CLANG_WARN_ENUM_CONVERSION = YES;
				CLANG_WARN_INT_CONVERSION = YES;
				CLANG_WARN__DUPLICATE_METHOD_MATCH = YES;
				"CODE_SIGN_IDENTITY[sdk=iphoneos*]" = "iPhone Developer";
				COPY_PHASE_STRIP = NO;
				GCC_C_LANGUAGE_STANDARD = gnu99;
				GCC_DYNAMIC_NO_PIC = NO;
				GCC_OPTIMIZATION_LEVEL = 0;
				GCC_PREPROCESSOR_DEFINITIONS = (
					"DEBUG=1",
					"$(inherited)",
				);
				GCC_SYMBOLS_PRIVATE_EXTERN = NO;
				GCC_WARN_ABOUT_RETURN_TYPE = YES;
				GCC_WARN_UNINITIALIZED_AUTOS = YES;
				GCC_WARN_UNUSED_VARIABLE = YES;
				IPHONEOS_DEPLOYMENT_TARGET = 6.1;
				ONLY_ACTIVE_ARCH = YES;
				SDKROOT = iphoneos;
			};
			name = Debug;
		};
		F6C5EB09179AA1340048E52A /* Release */ = {
			isa = XCBuildConfiguration;
			buildSettings = {
				ALWAYS_SEARCH_USER_PATHS = NO;
				CLANG_CXX_LANGUAGE_STANDARD = "gnu++0x";
				CLANG_CXX_LIBRARY = "libc++";
				CLANG_WARN_CONSTANT_CONVERSION = YES;
				CLANG_WARN_EMPTY_BODY = YES;
				CLANG_WARN_ENUM_CONVERSION = YES;
				CLANG_WARN_INT_CONVERSION = YES;
				CLANG_WARN__DUPLICATE_METHOD_MATCH = YES;
				"CODE_SIGN_IDENTITY[sdk=iphoneos*]" = "iPhone Developer";
				COPY_PHASE_STRIP = YES;
				GCC_C_LANGUAGE_STANDARD = gnu99;
				GCC_WARN_ABOUT_RETURN_TYPE = YES;
				GCC_WARN_UNINITIALIZED_AUTOS = YES;
				GCC_WARN_UNUSED_VARIABLE = YES;
				IPHONEOS_DEPLOYMENT_TARGET = 6.1;
				OTHER_CFLAGS = "-DNS_BLOCK_ASSERTIONS=1";
				SDKROOT = iphoneos;
				VALIDATE_PRODUCT = YES;
			};
			name = Release;
		};
		F6C5EB0B179AA1340048E52A /* Debug */ = {
			isa = XCBuildConfiguration;
			buildSettings = {
				FRAMEWORK_SEARCH_PATHS = (
					"$(inherited)",
					"\"$(SRCROOT)/../../../../Documents/FacebookSDK\"",
				);
				GCC_PRECOMPILE_PREFIX_HEADER = YES;
				GCC_PREFIX_HEADER = "DontBurnThem/DontBurnThem-Prefix.pch";
				INFOPLIST_FILE = "DontBurnThem/DontBurnThem-Info.plist";
				LIBRARY_SEARCH_PATHS = (
					"$(inherited)",
					"\"$(SRCROOT)/ZBarSDK\"",
					"\"$(SRCROOT)\"",
				);
				PRODUCT_NAME = "$(TARGET_NAME)";
				WRAPPER_EXTENSION = app;
			};
			name = Debug;
		};
		F6C5EB0C179AA1340048E52A /* Release */ = {
			isa = XCBuildConfiguration;
			buildSettings = {
				FRAMEWORK_SEARCH_PATHS = (
					"$(inherited)",
					"\"$(SRCROOT)/../../../../Documents/FacebookSDK\"",
				);
				GCC_PRECOMPILE_PREFIX_HEADER = YES;
				GCC_PREFIX_HEADER = "DontBurnThem/DontBurnThem-Prefix.pch";
				INFOPLIST_FILE = "DontBurnThem/DontBurnThem-Info.plist";
				LIBRARY_SEARCH_PATHS = (
					"$(inherited)",
					"\"$(SRCROOT)/ZBarSDK\"",
					"\"$(SRCROOT)\"",
				);
				PRODUCT_NAME = "$(TARGET_NAME)";
				WRAPPER_EXTENSION = app;
			};
			name = Release;
		};
/* End XCBuildConfiguration section */

/* Begin XCConfigurationList section */
		F6C5EAE2179AA1340048E52A /* Build configuration list for PBXProject "DontBurnThem" */ = {
			isa = XCConfigurationList;
			buildConfigurations = (
				F6C5EB08179AA1340048E52A /* Debug */,
				F6C5EB09179AA1340048E52A /* Release */,
			);
			defaultConfigurationIsVisible = 0;
			defaultConfigurationName = Release;
		};
		F6C5EB0A179AA1340048E52A /* Build configuration list for PBXNativeTarget "DontBurnThem" */ = {
			isa = XCConfigurationList;
			buildConfigurations = (
				F6C5EB0B179AA1340048E52A /* Debug */,
				F6C5EB0C179AA1340048E52A /* Release */,
			);
			defaultConfigurationIsVisible = 0;
			defaultConfigurationName = Release;
		};
/* End XCConfigurationList section */
	};
	rootObject = F6C5EADF179AA1340048E52A /* Project object */;
}
